// !$*UTF8*$!
{
	archiveVersion = 1;
	classes = {
	};
	objectVersion = 50;
	objects = {

/* Begin PBXBuildFile section */
		1047432BDAD6E6A547BA57FE /* Pods_IslamBook.framework in Frameworks */ = {isa = PBXBuildFile; fileRef = 9B86819E54F9A51045471407 /* Pods_IslamBook.framework */; };
		1B0266D82147D488009F0B4E /* OnboardingViewController.swift in Sources */ = {isa = PBXBuildFile; fileRef = 1B0266D72147D488009F0B4E /* OnboardingViewController.swift */; };
		39B7F158213B2D350055CFF9 /* SubscriptionManager.swift in Sources */ = {isa = PBXBuildFile; fileRef = 39B7F157213B2D350055CFF9 /* SubscriptionManager.swift */; };
		995346A92132F12700EC8B46 /* PrivacyPolicyViewController.swift in Sources */ = {isa = PBXBuildFile; fileRef = 995346A82132F12700EC8B46 /* PrivacyPolicyViewController.swift */; };
		995346AB213336F500EC8B46 /* Consts.swift in Sources */ = {isa = PBXBuildFile; fileRef = 995346AA213336F500EC8B46 /* Consts.swift */; };
		995346B1213467AE00EC8B46 /* SuggestCell+CollectionView.swift in Sources */ = {isa = PBXBuildFile; fileRef = 995346B0213467AE00EC8B46 /* SuggestCell+CollectionView.swift */; };
		996F5BEF213884E5008BA54F /* Info.plist in Resources */ = {isa = PBXBuildFile; fileRef = 996F5BEE213884E5008BA54F /* Info.plist */; };
		996F5C51213D66E0008BA54F /* SwiftLoader.swift in Sources */ = {isa = PBXBuildFile; fileRef = 996F5C50213D66E0008BA54F /* SwiftLoader.swift */; };
		9989F2D2212B29F7000C8754 /* AppDelegate.swift in Sources */ = {isa = PBXBuildFile; fileRef = 9989F2D1212B29F7000C8754 /* AppDelegate.swift */; };
		9989F2D7212B29F7000C8754 /* Main.storyboard in Resources */ = {isa = PBXBuildFile; fileRef = 9989F2D5212B29F7000C8754 /* Main.storyboard */; };
		9989F2D9212B29FA000C8754 /* Assets.xcassets in Resources */ = {isa = PBXBuildFile; fileRef = 9989F2D8212B29FA000C8754 /* Assets.xcassets */; };
		9989F2DC212B29FA000C8754 /* LaunchScreen.storyboard in Resources */ = {isa = PBXBuildFile; fileRef = 9989F2DA212B29FA000C8754 /* LaunchScreen.storyboard */; };
		9989F2E7212B29FA000C8754 /* MobidooTaskTests.swift in Sources */ = {isa = PBXBuildFile; fileRef = 9989F2E6212B29FA000C8754 /* MobidooTaskTests.swift */; };
		9989F2F2212B29FA000C8754 /* MobidooTaskUITests.swift in Sources */ = {isa = PBXBuildFile; fileRef = 9989F2F1212B29FA000C8754 /* MobidooTaskUITests.swift */; };
		9989F305212B2C8A000C8754 /* Book.swift in Sources */ = {isa = PBXBuildFile; fileRef = 9989F304212B2C8A000C8754 /* Book.swift */; };
		9989F307212B2E1C000C8754 /* BooksListViewController.swift in Sources */ = {isa = PBXBuildFile; fileRef = 9989F306212B2E1C000C8754 /* BooksListViewController.swift */; };
		9989F309212B2E4B000C8754 /* FavoritesViewController.swift in Sources */ = {isa = PBXBuildFile; fileRef = 9989F308212B2E4B000C8754 /* FavoritesViewController.swift */; };
		9989F30B212B2EAD000C8754 /* Cells.swift in Sources */ = {isa = PBXBuildFile; fileRef = 9989F30A212B2EAD000C8754 /* Cells.swift */; };
		9989F30E212B2FE5000C8754 /* BooksData.swift in Sources */ = {isa = PBXBuildFile; fileRef = 9989F30D212B2FE5000C8754 /* BooksData.swift */; };
		9989F310212B3076000C8754 /* Alamofire.framework in Frameworks */ = {isa = PBXBuildFile; fileRef = 9989F30F212B3076000C8754 /* Alamofire.framework */; };
		9989F312212B307B000C8754 /* Kingfisher.framework in Frameworks */ = {isa = PBXBuildFile; fileRef = 9989F311212B307B000C8754 /* Kingfisher.framework */; };
		9989F314212B43D6000C8754 /* SettingsTableViewController.swift in Sources */ = {isa = PBXBuildFile; fileRef = 9989F313212B43D6000C8754 /* SettingsTableViewController.swift */; };
		9989F316212B45BD000C8754 /* Utiles.swift in Sources */ = {isa = PBXBuildFile; fileRef = 9989F315212B45BD000C8754 /* Utiles.swift */; };
		9989F318212C37C4000C8754 /* ContentViewController.swift in Sources */ = {isa = PBXBuildFile; fileRef = 9989F317212C37C4000C8754 /* ContentViewController.swift */; };
		9989F31C212C7760000C8754 /* Storage.swift in Sources */ = {isa = PBXBuildFile; fileRef = 9989F31B212C7760000C8754 /* Storage.swift */; };
		99953BA1212F52AC00CA5944 /* ContentData.swift in Sources */ = {isa = PBXBuildFile; fileRef = 99953BA0212F52AC00CA5944 /* ContentData.swift */; };
		99B66129212F87E000E727CE /* Extensions.swift in Sources */ = {isa = PBXBuildFile; fileRef = 99B66128212F87E000E727CE /* Extensions.swift */; };
		99D91F0A21370C5600C691FE /* NewViewController.swift in Sources */ = {isa = PBXBuildFile; fileRef = 99D91F0921370C5600C691FE /* NewViewController.swift */; };
		99D91F0C21370C7700C691FE /* PopularViewController.swift in Sources */ = {isa = PBXBuildFile; fileRef = 99D91F0B21370C7700C691FE /* PopularViewController.swift */; };
/* End PBXBuildFile section */

/* Begin PBXContainerItemProxy section */
		9989F2E3212B29FA000C8754 /* PBXContainerItemProxy */ = {
			isa = PBXContainerItemProxy;
			containerPortal = 9989F2C6212B29F7000C8754 /* Project object */;
			proxyType = 1;
			remoteGlobalIDString = 9989F2CD212B29F7000C8754;
			remoteInfo = MobidooTask;
		};
		9989F2EE212B29FA000C8754 /* PBXContainerItemProxy */ = {
			isa = PBXContainerItemProxy;
			containerPortal = 9989F2C6212B29F7000C8754 /* Project object */;
			proxyType = 1;
			remoteGlobalIDString = 9989F2CD212B29F7000C8754;
			remoteInfo = MobidooTask;
		};
/* End PBXContainerItemProxy section */

/* Begin PBXFileReference section */
		1B0266D72147D488009F0B4E /* OnboardingViewController.swift */ = {isa = PBXFileReference; lastKnownFileType = sourcecode.swift; path = OnboardingViewController.swift; sourceTree = "<group>"; };
		39B7F157213B2D350055CFF9 /* SubscriptionManager.swift */ = {isa = PBXFileReference; lastKnownFileType = sourcecode.swift; path = SubscriptionManager.swift; sourceTree = "<group>"; };
		831692D8EBC845DA86646FC9 /* Pods-MobidooTask.debug.xcconfig */ = {isa = PBXFileReference; includeInIndex = 1; lastKnownFileType = text.xcconfig; name = "Pods-MobidooTask.debug.xcconfig"; path = "Pods/Target Support Files/Pods-MobidooTask/Pods-MobidooTask.debug.xcconfig"; sourceTree = "<group>"; };
		9439A2B547808988F11144B3 /* Pods-IslamBook.debug.xcconfig */ = {isa = PBXFileReference; includeInIndex = 1; lastKnownFileType = text.xcconfig; name = "Pods-IslamBook.debug.xcconfig"; path = "Pods/Target Support Files/Pods-IslamBook/Pods-IslamBook.debug.xcconfig"; sourceTree = "<group>"; };
		995346A82132F12700EC8B46 /* PrivacyPolicyViewController.swift */ = {isa = PBXFileReference; lastKnownFileType = sourcecode.swift; path = PrivacyPolicyViewController.swift; sourceTree = "<group>"; };
		995346AA213336F500EC8B46 /* Consts.swift */ = {isa = PBXFileReference; lastKnownFileType = sourcecode.swift; path = Consts.swift; sourceTree = "<group>"; };
		995346AE21342BE700EC8B46 /* SwiftyOnboard.framework */ = {isa = PBXFileReference; explicitFileType = wrapper.framework; path = SwiftyOnboard.framework; sourceTree = BUILT_PRODUCTS_DIR; };
		995346B0213467AE00EC8B46 /* SuggestCell+CollectionView.swift */ = {isa = PBXFileReference; lastKnownFileType = sourcecode.swift; path = "SuggestCell+CollectionView.swift"; sourceTree = "<group>"; };
		996F5BEE213884E5008BA54F /* Info.plist */ = {isa = PBXFileReference; fileEncoding = 4; lastKnownFileType = text.plist.xml; path = Info.plist; sourceTree = "<group>"; };
		996F5C50213D66E0008BA54F /* SwiftLoader.swift */ = {isa = PBXFileReference; lastKnownFileType = sourcecode.swift; path = SwiftLoader.swift; sourceTree = "<group>"; };
		9989F2CE212B29F7000C8754 /* IslamBook.app */ = {isa = PBXFileReference; explicitFileType = wrapper.application; includeInIndex = 0; path = IslamBook.app; sourceTree = BUILT_PRODUCTS_DIR; };
		9989F2D1212B29F7000C8754 /* AppDelegate.swift */ = {isa = PBXFileReference; lastKnownFileType = sourcecode.swift; path = AppDelegate.swift; sourceTree = "<group>"; };
		9989F2D6212B29F7000C8754 /* Base */ = {isa = PBXFileReference; lastKnownFileType = file.storyboard; name = Base; path = Base.lproj/Main.storyboard; sourceTree = "<group>"; };
		9989F2D8212B29FA000C8754 /* Assets.xcassets */ = {isa = PBXFileReference; lastKnownFileType = folder.assetcatalog; path = Assets.xcassets; sourceTree = "<group>"; };
		9989F2DB212B29FA000C8754 /* Base */ = {isa = PBXFileReference; lastKnownFileType = file.storyboard; name = Base; path = Base.lproj/LaunchScreen.storyboard; sourceTree = "<group>"; };
		9989F2E2212B29FA000C8754 /* IslamBookTests.xctest */ = {isa = PBXFileReference; explicitFileType = wrapper.cfbundle; includeInIndex = 0; path = IslamBookTests.xctest; sourceTree = BUILT_PRODUCTS_DIR; };
		9989F2E6212B29FA000C8754 /* MobidooTaskTests.swift */ = {isa = PBXFileReference; lastKnownFileType = sourcecode.swift; path = MobidooTaskTests.swift; sourceTree = "<group>"; };
		9989F2E8212B29FA000C8754 /* Info.plist */ = {isa = PBXFileReference; lastKnownFileType = text.plist.xml; path = Info.plist; sourceTree = "<group>"; };
		9989F2ED212B29FA000C8754 /* IslamBookUITests.xctest */ = {isa = PBXFileReference; explicitFileType = wrapper.cfbundle; includeInIndex = 0; path = IslamBookUITests.xctest; sourceTree = BUILT_PRODUCTS_DIR; };
		9989F2F1212B29FA000C8754 /* MobidooTaskUITests.swift */ = {isa = PBXFileReference; lastKnownFileType = sourcecode.swift; path = MobidooTaskUITests.swift; sourceTree = "<group>"; };
		9989F2F3212B29FA000C8754 /* Info.plist */ = {isa = PBXFileReference; lastKnownFileType = text.plist.xml; path = Info.plist; sourceTree = "<group>"; };
		9989F304212B2C8A000C8754 /* Book.swift */ = {isa = PBXFileReference; lastKnownFileType = sourcecode.swift; path = Book.swift; sourceTree = "<group>"; };
		9989F306212B2E1C000C8754 /* BooksListViewController.swift */ = {isa = PBXFileReference; lastKnownFileType = sourcecode.swift; path = BooksListViewController.swift; sourceTree = "<group>"; };
		9989F308212B2E4B000C8754 /* FavoritesViewController.swift */ = {isa = PBXFileReference; lastKnownFileType = sourcecode.swift; path = FavoritesViewController.swift; sourceTree = "<group>"; };
		9989F30A212B2EAD000C8754 /* Cells.swift */ = {isa = PBXFileReference; lastKnownFileType = sourcecode.swift; path = Cells.swift; sourceTree = "<group>"; };
		9989F30D212B2FE5000C8754 /* BooksData.swift */ = {isa = PBXFileReference; lastKnownFileType = sourcecode.swift; path = BooksData.swift; sourceTree = "<group>"; };
		9989F30F212B3076000C8754 /* Alamofire.framework */ = {isa = PBXFileReference; explicitFileType = wrapper.framework; path = Alamofire.framework; sourceTree = BUILT_PRODUCTS_DIR; };
		9989F311212B307B000C8754 /* Kingfisher.framework */ = {isa = PBXFileReference; explicitFileType = wrapper.framework; path = Kingfisher.framework; sourceTree = BUILT_PRODUCTS_DIR; };
		9989F313212B43D6000C8754 /* SettingsTableViewController.swift */ = {isa = PBXFileReference; lastKnownFileType = sourcecode.swift; path = SettingsTableViewController.swift; sourceTree = "<group>"; };
		9989F315212B45BD000C8754 /* Utiles.swift */ = {isa = PBXFileReference; lastKnownFileType = sourcecode.swift; path = Utiles.swift; sourceTree = "<group>"; };
		9989F317212C37C4000C8754 /* ContentViewController.swift */ = {isa = PBXFileReference; lastKnownFileType = sourcecode.swift; path = ContentViewController.swift; sourceTree = "<group>"; };
		9989F31B212C7760000C8754 /* Storage.swift */ = {isa = PBXFileReference; lastKnownFileType = sourcecode.swift; path = Storage.swift; sourceTree = "<group>"; };
		99953BA0212F52AC00CA5944 /* ContentData.swift */ = {isa = PBXFileReference; lastKnownFileType = sourcecode.swift; path = ContentData.swift; sourceTree = "<group>"; };
		99B66128212F87E000E727CE /* Extensions.swift */ = {isa = PBXFileReference; lastKnownFileType = sourcecode.swift; path = Extensions.swift; sourceTree = "<group>"; };
		99D91F0921370C5600C691FE /* NewViewController.swift */ = {isa = PBXFileReference; lastKnownFileType = sourcecode.swift; path = NewViewController.swift; sourceTree = "<group>"; };
		99D91F0B21370C7700C691FE /* PopularViewController.swift */ = {isa = PBXFileReference; lastKnownFileType = sourcecode.swift; path = PopularViewController.swift; sourceTree = "<group>"; };
		9B86819E54F9A51045471407 /* Pods_IslamBook.framework */ = {isa = PBXFileReference; explicitFileType = wrapper.framework; includeInIndex = 0; path = Pods_IslamBook.framework; sourceTree = BUILT_PRODUCTS_DIR; };
		A2FFFA7900746223A19FE7B6 /* Pods-MobidooTask.release.xcconfig */ = {isa = PBXFileReference; includeInIndex = 1; lastKnownFileType = text.xcconfig; name = "Pods-MobidooTask.release.xcconfig"; path = "Pods/Target Support Files/Pods-MobidooTask/Pods-MobidooTask.release.xcconfig"; sourceTree = "<group>"; };
		B563140F12464717BB8E0437 /* Pods_MobidooTask.framework */ = {isa = PBXFileReference; explicitFileType = wrapper.framework; includeInIndex = 0; path = Pods_MobidooTask.framework; sourceTree = BUILT_PRODUCTS_DIR; };
		C66BF6BEB39AA24AF3E43923 /* Pods-IslamBook.release.xcconfig */ = {isa = PBXFileReference; includeInIndex = 1; lastKnownFileType = text.xcconfig; name = "Pods-IslamBook.release.xcconfig"; path = "Pods/Target Support Files/Pods-IslamBook/Pods-IslamBook.release.xcconfig"; sourceTree = "<group>"; };
/* End PBXFileReference section */

/* Begin PBXFrameworksBuildPhase section */
		9989F2CB212B29F7000C8754 /* Frameworks */ = {
			isa = PBXFrameworksBuildPhase;
			buildActionMask = 2147483647;
			files = (
				9989F312212B307B000C8754 /* Kingfisher.framework in Frameworks */,
				9989F310212B3076000C8754 /* Alamofire.framework in Frameworks */,
				1047432BDAD6E6A547BA57FE /* Pods_IslamBook.framework in Frameworks */,
			);
			runOnlyForDeploymentPostprocessing = 0;
		};
		9989F2DF212B29FA000C8754 /* Frameworks */ = {
			isa = PBXFrameworksBuildPhase;
			buildActionMask = 2147483647;
			files = (
			);
			runOnlyForDeploymentPostprocessing = 0;
		};
		9989F2EA212B29FA000C8754 /* Frameworks */ = {
			isa = PBXFrameworksBuildPhase;
			buildActionMask = 2147483647;
			files = (
			);
			runOnlyForDeploymentPostprocessing = 0;
		};
/* End PBXFrameworksBuildPhase section */

/* Begin PBXGroup section */
		44E29575433C86BDE999E506 /* Frameworks */ = {
			isa = PBXGroup;
			children = (
				995346AE21342BE700EC8B46 /* SwiftyOnboard.framework */,
				9989F311212B307B000C8754 /* Kingfisher.framework */,
				9989F30F212B3076000C8754 /* Alamofire.framework */,
				B563140F12464717BB8E0437 /* Pods_MobidooTask.framework */,
				9B86819E54F9A51045471407 /* Pods_IslamBook.framework */,
			);
			name = Frameworks;
			sourceTree = "<group>";
		};
		9989F2C5212B29F7000C8754 = {
			isa = PBXGroup;
			children = (
				9989F2D0212B29F7000C8754 /* IslamBook */,
				9989F2E5212B29FA000C8754 /* IslamBookTests */,
				9989F2F0212B29FA000C8754 /* IslamBookUITests */,
				9989F2CF212B29F7000C8754 /* Products */,
				C215041A5744F1A7CD82E4AC /* Pods */,
				44E29575433C86BDE999E506 /* Frameworks */,
			);
			sourceTree = "<group>";
		};
		9989F2CF212B29F7000C8754 /* Products */ = {
			isa = PBXGroup;
			children = (
				9989F2CE212B29F7000C8754 /* IslamBook.app */,
				9989F2E2212B29FA000C8754 /* IslamBookTests.xctest */,
				9989F2ED212B29FA000C8754 /* IslamBookUITests.xctest */,
			);
			name = Products;
			sourceTree = "<group>";
		};
		9989F2D0212B29F7000C8754 /* IslamBook */ = {
			isa = PBXGroup;
			children = (
				9989F2D1212B29F7000C8754 /* AppDelegate.swift */,
				996F5BEE213884E5008BA54F /* Info.plist */,
				9989F30C212B2FC9000C8754 /* Services */,
				9989F300212B2A7A000C8754 /* Model */,
				9989F2FF212B2A71000C8754 /* UI */,
				9989F301212B2A83000C8754 /* Resources */,
			);
			path = IslamBook;
			sourceTree = "<group>";
		};
		9989F2E5212B29FA000C8754 /* IslamBookTests */ = {
			isa = PBXGroup;
			children = (
				9989F2E6212B29FA000C8754 /* MobidooTaskTests.swift */,
				9989F2E8212B29FA000C8754 /* Info.plist */,
			);
			path = IslamBookTests;
			sourceTree = "<group>";
		};
		9989F2F0212B29FA000C8754 /* IslamBookUITests */ = {
			isa = PBXGroup;
			children = (
				9989F2F1212B29FA000C8754 /* MobidooTaskUITests.swift */,
				9989F2F3212B29FA000C8754 /* Info.plist */,
			);
			path = IslamBookUITests;
			sourceTree = "<group>";
		};
		9989F2FF212B2A71000C8754 /* UI */ = {
			isa = PBXGroup;
			children = (
				9989F303212B2ACA000C8754 /* View */,
				9989F302212B2AB9000C8754 /* ViewControllers */,
			);
			path = UI;
			sourceTree = "<group>";
		};
		9989F300212B2A7A000C8754 /* Model */ = {
			isa = PBXGroup;
			children = (
				9989F304212B2C8A000C8754 /* Book.swift */,
			);
			path = Model;
			sourceTree = "<group>";
		};
		9989F301212B2A83000C8754 /* Resources */ = {
			isa = PBXGroup;
			children = (
				9989F2D5212B29F7000C8754 /* Main.storyboard */,
				9989F2DA212B29FA000C8754 /* LaunchScreen.storyboard */,
				9989F2D8212B29FA000C8754 /* Assets.xcassets */,
			);
			path = Resources;
			sourceTree = "<group>";
		};
		9989F302212B2AB9000C8754 /* ViewControllers */ = {
			isa = PBXGroup;
			children = (
				1B0266D72147D488009F0B4E /* OnboardingViewController.swift */,
				9989F306212B2E1C000C8754 /* BooksListViewController.swift */,
				9989F308212B2E4B000C8754 /* FavoritesViewController.swift */,
				9989F317212C37C4000C8754 /* ContentViewController.swift */,
				99D91F0B21370C7700C691FE /* PopularViewController.swift */,
				99D91F0921370C5600C691FE /* NewViewController.swift */,
				9989F313212B43D6000C8754 /* SettingsTableViewController.swift */,
				99D91F0821370B0500C691FE /* Tools */,
			);
			path = ViewControllers;
			sourceTree = "<group>";
		};
		9989F303212B2ACA000C8754 /* View */ = {
			isa = PBXGroup;
			children = (
				9989F30A212B2EAD000C8754 /* Cells.swift */,
				995346B0213467AE00EC8B46 /* SuggestCell+CollectionView.swift */,
			);
			path = View;
			sourceTree = "<group>";
		};
		9989F30C212B2FC9000C8754 /* Services */ = {
			isa = PBXGroup;
			children = (
				99B66128212F87E000E727CE /* Extensions.swift */,
				9989F315212B45BD000C8754 /* Utiles.swift */,
				995346AA213336F500EC8B46 /* Consts.swift */,
				99B6612A212F880500E727CE /* DataProviders */,
				9989F31B212C7760000C8754 /* Storage.swift */,
				996F5C50213D66E0008BA54F /* SwiftLoader.swift */,
				39B7F157213B2D350055CFF9 /* SubscriptionManager.swift */,
			);
			path = Services;
			sourceTree = "<group>";
		};
		99B6612A212F880500E727CE /* DataProviders */ = {
			isa = PBXGroup;
			children = (
				9989F30D212B2FE5000C8754 /* BooksData.swift */,
				99953BA0212F52AC00CA5944 /* ContentData.swift */,
			);
			path = DataProviders;
			sourceTree = "<group>";
		};
		99D91F0821370B0500C691FE /* Tools */ = {
			isa = PBXGroup;
			children = (
				995346A82132F12700EC8B46 /* PrivacyPolicyViewController.swift */,
			);
			path = Tools;
			sourceTree = "<group>";
		};
		C215041A5744F1A7CD82E4AC /* Pods */ = {
			isa = PBXGroup;
			children = (
				831692D8EBC845DA86646FC9 /* Pods-MobidooTask.debug.xcconfig */,
				A2FFFA7900746223A19FE7B6 /* Pods-MobidooTask.release.xcconfig */,
				9439A2B547808988F11144B3 /* Pods-IslamBook.debug.xcconfig */,
				C66BF6BEB39AA24AF3E43923 /* Pods-IslamBook.release.xcconfig */,
			);
			name = Pods;
			sourceTree = "<group>";
		};
/* End PBXGroup section */

/* Begin PBXNativeTarget section */
		9989F2CD212B29F7000C8754 /* IslamBook */ = {
			isa = PBXNativeTarget;
			buildConfigurationList = 9989F2F6212B29FA000C8754 /* Build configuration list for PBXNativeTarget "IslamBook" */;
			buildPhases = (
				87F525633587E033F1FA25A7 /* [CP] Check Pods Manifest.lock */,
				9989F2CA212B29F7000C8754 /* Sources */,
				9989F2CB212B29F7000C8754 /* Frameworks */,
				9989F2CC212B29F7000C8754 /* Resources */,
				0394F57B80C26F3D41265743 /* [CP] Embed Pods Frameworks */,
			);
			buildRules = (
			);
			dependencies = (
			);
			name = IslamBook;
			productName = MobidooTask;
			productReference = 9989F2CE212B29F7000C8754 /* IslamBook.app */;
			productType = "com.apple.product-type.application";
		};
		9989F2E1212B29FA000C8754 /* IslamBookTests */ = {
			isa = PBXNativeTarget;
			buildConfigurationList = 9989F2F9212B29FA000C8754 /* Build configuration list for PBXNativeTarget "IslamBookTests" */;
			buildPhases = (
				9989F2DE212B29FA000C8754 /* Sources */,
				9989F2DF212B29FA000C8754 /* Frameworks */,
				9989F2E0212B29FA000C8754 /* Resources */,
			);
			buildRules = (
			);
			dependencies = (
				9989F2E4212B29FA000C8754 /* PBXTargetDependency */,
			);
			name = IslamBookTests;
			productName = MobidooTaskTests;
			productReference = 9989F2E2212B29FA000C8754 /* IslamBookTests.xctest */;
			productType = "com.apple.product-type.bundle.unit-test";
		};
		9989F2EC212B29FA000C8754 /* IslamBookUITests */ = {
			isa = PBXNativeTarget;
			buildConfigurationList = 9989F2FC212B29FA000C8754 /* Build configuration list for PBXNativeTarget "IslamBookUITests" */;
			buildPhases = (
				9989F2E9212B29FA000C8754 /* Sources */,
				9989F2EA212B29FA000C8754 /* Frameworks */,
				9989F2EB212B29FA000C8754 /* Resources */,
			);
			buildRules = (
			);
			dependencies = (
				9989F2EF212B29FA000C8754 /* PBXTargetDependency */,
			);
			name = IslamBookUITests;
			productName = MobidooTaskUITests;
			productReference = 9989F2ED212B29FA000C8754 /* IslamBookUITests.xctest */;
			productType = "com.apple.product-type.bundle.ui-testing";
		};
/* End PBXNativeTarget section */

/* Begin PBXProject section */
		9989F2C6212B29F7000C8754 /* Project object */ = {
			isa = PBXProject;
			attributes = {
				LastSwiftUpdateCheck = 0940;
				LastUpgradeCheck = 0940;
				ORGANIZATIONNAME = " Kostantin Zarubin";
				TargetAttributes = {
					9989F2CD212B29F7000C8754 = {
						CreatedOnToolsVersion = 9.4.1;
					};
					9989F2E1212B29FA000C8754 = {
						CreatedOnToolsVersion = 9.4.1;
						TestTargetID = 9989F2CD212B29F7000C8754;
					};
					9989F2EC212B29FA000C8754 = {
						CreatedOnToolsVersion = 9.4.1;
						TestTargetID = 9989F2CD212B29F7000C8754;
					};
				};
			};
			buildConfigurationList = 9989F2C9212B29F7000C8754 /* Build configuration list for PBXProject "IslamBook" */;
			compatibilityVersion = "Xcode 9.3";
			developmentRegion = en;
			hasScannedForEncodings = 0;
			knownRegions = (
				en,
				Base,
			);
			mainGroup = 9989F2C5212B29F7000C8754;
			productRefGroup = 9989F2CF212B29F7000C8754 /* Products */;
			projectDirPath = "";
			projectRoot = "";
			targets = (
				9989F2CD212B29F7000C8754 /* IslamBook */,
				9989F2E1212B29FA000C8754 /* IslamBookTests */,
				9989F2EC212B29FA000C8754 /* IslamBookUITests */,
			);
		};
/* End PBXProject section */

/* Begin PBXResourcesBuildPhase section */
		9989F2CC212B29F7000C8754 /* Resources */ = {
			isa = PBXResourcesBuildPhase;
			buildActionMask = 2147483647;
			files = (
				996F5BEF213884E5008BA54F /* Info.plist in Resources */,
				9989F2DC212B29FA000C8754 /* LaunchScreen.storyboard in Resources */,
				9989F2D9212B29FA000C8754 /* Assets.xcassets in Resources */,
				9989F2D7212B29F7000C8754 /* Main.storyboard in Resources */,
			);
			runOnlyForDeploymentPostprocessing = 0;
		};
		9989F2E0212B29FA000C8754 /* Resources */ = {
			isa = PBXResourcesBuildPhase;
			buildActionMask = 2147483647;
			files = (
			);
			runOnlyForDeploymentPostprocessing = 0;
		};
		9989F2EB212B29FA000C8754 /* Resources */ = {
			isa = PBXResourcesBuildPhase;
			buildActionMask = 2147483647;
			files = (
			);
			runOnlyForDeploymentPostprocessing = 0;
		};
/* End PBXResourcesBuildPhase section */

/* Begin PBXShellScriptBuildPhase section */
		0394F57B80C26F3D41265743 /* [CP] Embed Pods Frameworks */ = {
			isa = PBXShellScriptBuildPhase;
			buildActionMask = 2147483647;
			files = (
			);
			inputPaths = (
				"${SRCROOT}/Pods/Target Support Files/Pods-IslamBook/Pods-IslamBook-frameworks.sh",
				"${BUILT_PRODUCTS_DIR}/Alamofire/Alamofire.framework",
				"${BUILT_PRODUCTS_DIR}/Bolts/Bolts.framework",
				"${BUILT_PRODUCTS_DIR}/FBSDKCoreKit/FBSDKCoreKit.framework",
				"${BUILT_PRODUCTS_DIR}/FBSDKLoginKit/FBSDKLoginKit.framework",
				"${BUILT_PRODUCTS_DIR}/FBSDKShareKit/FBSDKShareKit.framework",
				"${BUILT_PRODUCTS_DIR}/FacebookCore/FacebookCore.framework",
				"${BUILT_PRODUCTS_DIR}/FacebookLogin/FacebookLogin.framework",
				"${BUILT_PRODUCTS_DIR}/FacebookShare/FacebookShare.framework",
				"${BUILT_PRODUCTS_DIR}/Kingfisher/Kingfisher.framework",
				"${BUILT_PRODUCTS_DIR}/SwiftyJSON/SwiftyJSON.framework",
			);
			name = "[CP] Embed Pods Frameworks";
			outputPaths = (
				"${TARGET_BUILD_DIR}/${FRAMEWORKS_FOLDER_PATH}/Alamofire.framework",
				"${TARGET_BUILD_DIR}/${FRAMEWORKS_FOLDER_PATH}/Bolts.framework",
				"${TARGET_BUILD_DIR}/${FRAMEWORKS_FOLDER_PATH}/FBSDKCoreKit.framework",
				"${TARGET_BUILD_DIR}/${FRAMEWORKS_FOLDER_PATH}/FBSDKLoginKit.framework",
				"${TARGET_BUILD_DIR}/${FRAMEWORKS_FOLDER_PATH}/FBSDKShareKit.framework",
				"${TARGET_BUILD_DIR}/${FRAMEWORKS_FOLDER_PATH}/FacebookCore.framework",
				"${TARGET_BUILD_DIR}/${FRAMEWORKS_FOLDER_PATH}/FacebookLogin.framework",
				"${TARGET_BUILD_DIR}/${FRAMEWORKS_FOLDER_PATH}/FacebookShare.framework",
				"${TARGET_BUILD_DIR}/${FRAMEWORKS_FOLDER_PATH}/Kingfisher.framework",
				"${TARGET_BUILD_DIR}/${FRAMEWORKS_FOLDER_PATH}/SwiftyJSON.framework",
			);
			runOnlyForDeploymentPostprocessing = 0;
			shellPath = /bin/sh;
			shellScript = "\"${SRCROOT}/Pods/Target Support Files/Pods-IslamBook/Pods-IslamBook-frameworks.sh\"\n";
			showEnvVarsInLog = 0;
		};
		87F525633587E033F1FA25A7 /* [CP] Check Pods Manifest.lock */ = {
			isa = PBXShellScriptBuildPhase;
			buildActionMask = 2147483647;
			files = (
			);
			inputPaths = (
				"${PODS_PODFILE_DIR_PATH}/Podfile.lock",
				"${PODS_ROOT}/Manifest.lock",
			);
			name = "[CP] Check Pods Manifest.lock";
			outputPaths = (
				"$(DERIVED_FILE_DIR)/Pods-IslamBook-checkManifestLockResult.txt",
			);
			runOnlyForDeploymentPostprocessing = 0;
			shellPath = /bin/sh;
			shellScript = "diff \"${PODS_PODFILE_DIR_PATH}/Podfile.lock\" \"${PODS_ROOT}/Manifest.lock\" > /dev/null\nif [ $? != 0 ] ; then\n    # print error to STDERR\n    echo \"error: The sandbox is not in sync with the Podfile.lock. Run 'pod install' or update your CocoaPods installation.\" >&2\n    exit 1\nfi\n# This output is used by Xcode 'outputs' to avoid re-running this script phase.\necho \"SUCCESS\" > \"${SCRIPT_OUTPUT_FILE_0}\"\n";
			showEnvVarsInLog = 0;
		};
/* End PBXShellScriptBuildPhase section */

/* Begin PBXSourcesBuildPhase section */
		9989F2CA212B29F7000C8754 /* Sources */ = {
			isa = PBXSourcesBuildPhase;
			buildActionMask = 2147483647;
			files = (
				9989F30E212B2FE5000C8754 /* BooksData.swift in Sources */,
				39B7F158213B2D350055CFF9 /* SubscriptionManager.swift in Sources */,
				99953BA1212F52AC00CA5944 /* ContentData.swift in Sources */,
				99D91F0A21370C5600C691FE /* NewViewController.swift in Sources */,
				1B0266D82147D488009F0B4E /* OnboardingViewController.swift in Sources */,
				9989F31C212C7760000C8754 /* Storage.swift in Sources */,
				9989F2D2212B29F7000C8754 /* AppDelegate.swift in Sources */,
				995346A92132F12700EC8B46 /* PrivacyPolicyViewController.swift in Sources */,
				9989F305212B2C8A000C8754 /* Book.swift in Sources */,
				9989F309212B2E4B000C8754 /* FavoritesViewController.swift in Sources */,
				9989F318212C37C4000C8754 /* ContentViewController.swift in Sources */,
				9989F30B212B2EAD000C8754 /* Cells.swift in Sources */,
				99B66129212F87E000E727CE /* Extensions.swift in Sources */,
				995346B1213467AE00EC8B46 /* SuggestCell+CollectionView.swift in Sources */,
				99D91F0C21370C7700C691FE /* PopularViewController.swift in Sources */,
				996F5C51213D66E0008BA54F /* SwiftLoader.swift in Sources */,
				9989F307212B2E1C000C8754 /* BooksListViewController.swift in Sources */,
				995346AB213336F500EC8B46 /* Consts.swift in Sources */,
				9989F314212B43D6000C8754 /* SettingsTableViewController.swift in Sources */,
				9989F316212B45BD000C8754 /* Utiles.swift in Sources */,
			);
			runOnlyForDeploymentPostprocessing = 0;
		};
		9989F2DE212B29FA000C8754 /* Sources */ = {
			isa = PBXSourcesBuildPhase;
			buildActionMask = 2147483647;
			files = (
				9989F2E7212B29FA000C8754 /* MobidooTaskTests.swift in Sources */,
			);
			runOnlyForDeploymentPostprocessing = 0;
		};
		9989F2E9212B29FA000C8754 /* Sources */ = {
			isa = PBXSourcesBuildPhase;
			buildActionMask = 2147483647;
			files = (
				9989F2F2212B29FA000C8754 /* MobidooTaskUITests.swift in Sources */,
			);
			runOnlyForDeploymentPostprocessing = 0;
		};
/* End PBXSourcesBuildPhase section */

/* Begin PBXTargetDependency section */
		9989F2E4212B29FA000C8754 /* PBXTargetDependency */ = {
			isa = PBXTargetDependency;
			target = 9989F2CD212B29F7000C8754 /* IslamBook */;
			targetProxy = 9989F2E3212B29FA000C8754 /* PBXContainerItemProxy */;
		};
		9989F2EF212B29FA000C8754 /* PBXTargetDependency */ = {
			isa = PBXTargetDependency;
			target = 9989F2CD212B29F7000C8754 /* IslamBook */;
			targetProxy = 9989F2EE212B29FA000C8754 /* PBXContainerItemProxy */;
		};
/* End PBXTargetDependency section */

/* Begin PBXVariantGroup section */
		9989F2D5212B29F7000C8754 /* Main.storyboard */ = {
			isa = PBXVariantGroup;
			children = (
				9989F2D6212B29F7000C8754 /* Base */,
			);
			name = Main.storyboard;
			sourceTree = "<group>";
		};
		9989F2DA212B29FA000C8754 /* LaunchScreen.storyboard */ = {
			isa = PBXVariantGroup;
			children = (
				9989F2DB212B29FA000C8754 /* Base */,
			);
			name = LaunchScreen.storyboard;
			sourceTree = "<group>";
		};
/* End PBXVariantGroup section */

/* Begin XCBuildConfiguration section */
		9989F2F4212B29FA000C8754 /* Debug */ = {
			isa = XCBuildConfiguration;
			buildSettings = {
				ALWAYS_SEARCH_USER_PATHS = NO;
				CLANG_ANALYZER_NONNULL = YES;
				CLANG_ANALYZER_NUMBER_OBJECT_CONVERSION = YES_AGGRESSIVE;
				CLANG_CXX_LANGUAGE_STANDARD = "gnu++14";
				CLANG_CXX_LIBRARY = "libc++";
				CLANG_ENABLE_MODULES = YES;
				CLANG_ENABLE_OBJC_ARC = YES;
				CLANG_ENABLE_OBJC_WEAK = YES;
				CLANG_WARN_BLOCK_CAPTURE_AUTORELEASING = YES;
				CLANG_WARN_BOOL_CONVERSION = YES;
				CLANG_WARN_COMMA = YES;
				CLANG_WARN_CONSTANT_CONVERSION = YES;
				CLANG_WARN_DEPRECATED_OBJC_IMPLEMENTATIONS = YES;
				CLANG_WARN_DIRECT_OBJC_ISA_USAGE = YES_ERROR;
				CLANG_WARN_DOCUMENTATION_COMMENTS = YES;
				CLANG_WARN_EMPTY_BODY = YES;
				CLANG_WARN_ENUM_CONVERSION = YES;
				CLANG_WARN_INFINITE_RECURSION = YES;
				CLANG_WARN_INT_CONVERSION = YES;
				CLANG_WARN_NON_LITERAL_NULL_CONVERSION = YES;
				CLANG_WARN_OBJC_IMPLICIT_RETAIN_SELF = YES;
				CLANG_WARN_OBJC_LITERAL_CONVERSION = YES;
				CLANG_WARN_OBJC_ROOT_CLASS = YES_ERROR;
				CLANG_WARN_RANGE_LOOP_ANALYSIS = YES;
				CLANG_WARN_STRICT_PROTOTYPES = YES;
				CLANG_WARN_SUSPICIOUS_MOVE = YES;
				CLANG_WARN_UNGUARDED_AVAILABILITY = YES_AGGRESSIVE;
				CLANG_WARN_UNREACHABLE_CODE = YES;
				CLANG_WARN__DUPLICATE_METHOD_MATCH = YES;
				CODE_SIGN_IDENTITY = "iPhone Developer";
				COPY_PHASE_STRIP = NO;
				DEBUG_INFORMATION_FORMAT = dwarf;
				ENABLE_STRICT_OBJC_MSGSEND = YES;
				ENABLE_TESTABILITY = YES;
				GCC_C_LANGUAGE_STANDARD = gnu11;
				GCC_DYNAMIC_NO_PIC = NO;
				GCC_NO_COMMON_BLOCKS = YES;
				GCC_OPTIMIZATION_LEVEL = 0;
				GCC_PREPROCESSOR_DEFINITIONS = (
					"DEBUG=1",
					"$(inherited)",
				);
				GCC_WARN_64_TO_32_BIT_CONVERSION = YES;
				GCC_WARN_ABOUT_RETURN_TYPE = YES_ERROR;
				GCC_WARN_UNDECLARED_SELECTOR = YES;
				GCC_WARN_UNINITIALIZED_AUTOS = YES_AGGRESSIVE;
				GCC_WARN_UNUSED_FUNCTION = YES;
				GCC_WARN_UNUSED_VARIABLE = YES;
				IPHONEOS_DEPLOYMENT_TARGET = 11.4;
				MTL_ENABLE_DEBUG_INFO = YES;
				ONLY_ACTIVE_ARCH = YES;
				SDKROOT = iphoneos;
				SWIFT_ACTIVE_COMPILATION_CONDITIONS = DEBUG;
				SWIFT_OPTIMIZATION_LEVEL = "-Onone";
			};
			name = Debug;
		};
		9989F2F5212B29FA000C8754 /* Release */ = {
			isa = XCBuildConfiguration;
			buildSettings = {
				ALWAYS_SEARCH_USER_PATHS = NO;
				CLANG_ANALYZER_NONNULL = YES;
				CLANG_ANALYZER_NUMBER_OBJECT_CONVERSION = YES_AGGRESSIVE;
				CLANG_CXX_LANGUAGE_STANDARD = "gnu++14";
				CLANG_CXX_LIBRARY = "libc++";
				CLANG_ENABLE_MODULES = YES;
				CLANG_ENABLE_OBJC_ARC = YES;
				CLANG_ENABLE_OBJC_WEAK = YES;
				CLANG_WARN_BLOCK_CAPTURE_AUTORELEASING = YES;
				CLANG_WARN_BOOL_CONVERSION = YES;
				CLANG_WARN_COMMA = YES;
				CLANG_WARN_CONSTANT_CONVERSION = YES;
				CLANG_WARN_DEPRECATED_OBJC_IMPLEMENTATIONS = YES;
				CLANG_WARN_DIRECT_OBJC_ISA_USAGE = YES_ERROR;
				CLANG_WARN_DOCUMENTATION_COMMENTS = YES;
				CLANG_WARN_EMPTY_BODY = YES;
				CLANG_WARN_ENUM_CONVERSION = YES;
				CLANG_WARN_INFINITE_RECURSION = YES;
				CLANG_WARN_INT_CONVERSION = YES;
				CLANG_WARN_NON_LITERAL_NULL_CONVERSION = YES;
				CLANG_WARN_OBJC_IMPLICIT_RETAIN_SELF = YES;
				CLANG_WARN_OBJC_LITERAL_CONVERSION = YES;
				CLANG_WARN_OBJC_ROOT_CLASS = YES_ERROR;
				CLANG_WARN_RANGE_LOOP_ANALYSIS = YES;
				CLANG_WARN_STRICT_PROTOTYPES = YES;
				CLANG_WARN_SUSPICIOUS_MOVE = YES;
				CLANG_WARN_UNGUARDED_AVAILABILITY = YES_AGGRESSIVE;
				CLANG_WARN_UNREACHABLE_CODE = YES;
				CLANG_WARN__DUPLICATE_METHOD_MATCH = YES;
				CODE_SIGN_IDENTITY = "iPhone Developer";
				COPY_PHASE_STRIP = NO;
				DEBUG_INFORMATION_FORMAT = "dwarf-with-dsym";
				ENABLE_NS_ASSERTIONS = NO;
				ENABLE_STRICT_OBJC_MSGSEND = YES;
				GCC_C_LANGUAGE_STANDARD = gnu11;
				GCC_NO_COMMON_BLOCKS = YES;
				GCC_WARN_64_TO_32_BIT_CONVERSION = YES;
				GCC_WARN_ABOUT_RETURN_TYPE = YES_ERROR;
				GCC_WARN_UNDECLARED_SELECTOR = YES;
				GCC_WARN_UNINITIALIZED_AUTOS = YES_AGGRESSIVE;
				GCC_WARN_UNUSED_FUNCTION = YES;
				GCC_WARN_UNUSED_VARIABLE = YES;
				IPHONEOS_DEPLOYMENT_TARGET = 11.4;
				MTL_ENABLE_DEBUG_INFO = NO;
				SDKROOT = iphoneos;
				SWIFT_COMPILATION_MODE = wholemodule;
				SWIFT_OPTIMIZATION_LEVEL = "-O";
				VALIDATE_PRODUCT = YES;
			};
			name = Release;
		};
		9989F2F7212B29FA000C8754 /* Debug */ = {
			isa = XCBuildConfiguration;
			baseConfigurationReference = 9439A2B547808988F11144B3 /* Pods-IslamBook.debug.xcconfig */;
			buildSettings = {
				ASSETCATALOG_COMPILER_APPICON_NAME = AppIcon;
				CODE_SIGN_STYLE = Automatic;
				DEVELOPMENT_TEAM = 58UK7RM3J5;
				INFOPLIST_FILE = IslamBook/Info.plist;
				IPHONEOS_DEPLOYMENT_TARGET = 9.0;
				LD_RUNPATH_SEARCH_PATHS = (
					"$(inherited)",
					"@executable_path/Frameworks",
				);
				PRODUCT_BUNDLE_IDENTIFIER = org.IslamBook;
				PRODUCT_NAME = "$(TARGET_NAME)";
				SWIFT_VERSION = 4.0;
				TARGETED_DEVICE_FAMILY = "1,2";
			};
			name = Debug;
		};
		9989F2F8212B29FA000C8754 /* Release */ = {
			isa = XCBuildConfiguration;
			baseConfigurationReference = C66BF6BEB39AA24AF3E43923 /* Pods-IslamBook.release.xcconfig */;
			buildSettings = {
				ASSETCATALOG_COMPILER_APPICON_NAME = AppIcon;
				CODE_SIGN_STYLE = Automatic;
				DEVELOPMENT_TEAM = 58UK7RM3J5;
				INFOPLIST_FILE = IslamBook/Info.plist;
				IPHONEOS_DEPLOYMENT_TARGET = 9.0;
				LD_RUNPATH_SEARCH_PATHS = (
					"$(inherited)",
					"@executable_path/Frameworks",
				);
				PRODUCT_BUNDLE_IDENTIFIER = org.IslamBook;
				PRODUCT_NAME = "$(TARGET_NAME)";
				SWIFT_VERSION = 4.0;
				TARGETED_DEVICE_FAMILY = "1,2";
			};
			name = Release;
		};
		9989F2FA212B29FA000C8754 /* Debug */ = {
			isa = XCBuildConfiguration;
			buildSettings = {
				ALWAYS_EMBED_SWIFT_STANDARD_LIBRARIES = YES;
				BUNDLE_LOADER = "$(TEST_HOST)";
				CODE_SIGN_STYLE = Automatic;
				INFOPLIST_FILE = MobidooTaskTests/Info.plist;
				LD_RUNPATH_SEARCH_PATHS = (
					"$(inherited)",
					"@executable_path/Frameworks",
					"@loader_path/Frameworks",
				);
				PRODUCT_BUNDLE_IDENTIFIER = org.MobidooTaskTests;
				PRODUCT_NAME = "$(TARGET_NAME)";
				SWIFT_VERSION = 4.0;
				TARGETED_DEVICE_FAMILY = "1,2";
				TEST_HOST = "$(BUILT_PRODUCTS_DIR)/IslamBook.app/IslamBook";
			};
			name = Debug;
		};
		9989F2FB212B29FA000C8754 /* Release */ = {
			isa = XCBuildConfiguration;
			buildSettings = {
				ALWAYS_EMBED_SWIFT_STANDARD_LIBRARIES = YES;
				BUNDLE_LOADER = "$(TEST_HOST)";
				CODE_SIGN_STYLE = Automatic;
				INFOPLIST_FILE = MobidooTaskTests/Info.plist;
				LD_RUNPATH_SEARCH_PATHS = (
					"$(inherited)",
					"@executable_path/Frameworks",
					"@loader_path/Frameworks",
				);
				PRODUCT_BUNDLE_IDENTIFIER = org.MobidooTaskTests;
				PRODUCT_NAME = "$(TARGET_NAME)";
				SWIFT_VERSION = 4.0;
				TARGETED_DEVICE_FAMILY = "1,2";
				TEST_HOST = "$(BUILT_PRODUCTS_DIR)/IslamBook.app/IslamBook";
			};
			name = Release;
		};
		9989F2FD212B29FA000C8754 /* Debug */ = {
			isa = XCBuildConfiguration;
			buildSettings = {
				ALWAYS_EMBED_SWIFT_STANDARD_LIBRARIES = YES;
				CODE_SIGN_STYLE = Automatic;
				INFOPLIST_FILE = MobidooTaskUITests/Info.plist;
				LD_RUNPATH_SEARCH_PATHS = (
					"$(inherited)",
					"@executable_path/Frameworks",
					"@loader_path/Frameworks",
				);
				PRODUCT_BUNDLE_IDENTIFIER = org.MobidooTaskUITests;
				PRODUCT_NAME = "$(TARGET_NAME)";
				SWIFT_VERSION = 4.0;
				TARGETED_DEVICE_FAMILY = "1,2";
				TEST_TARGET_NAME = MobidooTask;
			};
			name = Debug;
		};
		9989F2FE212B29FA000C8754 /* Release */ = {
			isa = XCBuildConfiguration;
			buildSettings = {
				ALWAYS_EMBED_SWIFT_STANDARD_LIBRARIES = YES;
				CODE_SIGN_STYLE = Automatic;
				INFOPLIST_FILE = MobidooTaskUITests/Info.plist;
				LD_RUNPATH_SEARCH_PATHS = (
					"$(inherited)",
					"@executable_path/Frameworks",
					"@loader_path/Frameworks",
				);
				PRODUCT_BUNDLE_IDENTIFIER = org.MobidooTaskUITests;
				PRODUCT_NAME = "$(TARGET_NAME)";
				SWIFT_VERSION = 4.0;
				TARGETED_DEVICE_FAMILY = "1,2";
				TEST_TARGET_NAME = MobidooTask;
			};
			name = Release;
		};
/* End XCBuildConfiguration section */

/* Begin XCConfigurationList section */
		9989F2C9212B29F7000C8754 /* Build configuration list for PBXProject "IslamBook" */ = {
			isa = XCConfigurationList;
			buildConfigurations = (
				9989F2F4212B29FA000C8754 /* Debug */,
				9989F2F5212B29FA000C8754 /* Release */,
			);
			defaultConfigurationIsVisible = 0;
			defaultConfigurationName = Release;
		};
		9989F2F6212B29FA000C8754 /* Build configuration list for PBXNativeTarget "IslamBook" */ = {
			isa = XCConfigurationList;
			buildConfigurations = (
				9989F2F7212B29FA000C8754 /* Debug */,
				9989F2F8212B29FA000C8754 /* Release */,
			);
			defaultConfigurationIsVisible = 0;
			defaultConfigurationName = Release;
		};
		9989F2F9212B29FA000C8754 /* Build configuration list for PBXNativeTarget "IslamBookTests" */ = {
			isa = XCConfigurationList;
			buildConfigurations = (
				9989F2FA212B29FA000C8754 /* Debug */,
				9989F2FB212B29FA000C8754 /* Release */,
			);
			defaultConfigurationIsVisible = 0;
			defaultConfigurationName = Release;
		};
		9989F2FC212B29FA000C8754 /* Build configuration list for PBXNativeTarget "IslamBookUITests" */ = {
			isa = XCConfigurationList;
			buildConfigurations = (
				9989F2FD212B29FA000C8754 /* Debug */,
				9989F2FE212B29FA000C8754 /* Release */,
			);
			defaultConfigurationIsVisible = 0;
			defaultConfigurationName = Release;
		};
/* End XCConfigurationList section */
	};
	rootObject = 9989F2C6212B29F7000C8754 /* Project object */;
}
